<?xml version="1.0" encoding="utf-8"?>
<Project ToolsVersion="4.0" xmlns="http://schemas.microsoft.com/developer/msbuild/2003">
  <ItemGroup>
    <Filter Include="Source Files">
      <UniqueIdentifier>{4FC737F1-C7A5-4376-A066-2A32D752A2FF}</UniqueIdentifier>
      <Extensions>cpp;c;cc;cxx;c++;cppm;ixx;def;odl;idl;hpj;bat;asm;asmx</Extensions>
    </Filter>
    <Filter Include="Header Files">
      <UniqueIdentifier>{93995380-89BD-4b04-88EB-625FBE52EBFB}</UniqueIdentifier>
      <Extensions>h;hh;hpp;hxx;h++;hm;inl;inc;ipp;xsd</Extensions>
    </Filter>
    <Filter Include="Resource Files">
      <UniqueIdentifier>{67DA6AB6-F800-4c08-8B7A-83BB121AAD01}</UniqueIdentifier>
      <Extensions>rc;ico;cur;bmp;dlg;rc2;rct;bin;rgs;gif;jpg;jpeg;jpe;resx;tiff;tif;png;wav;mfcribbon-ms</Extensions>
    </Filter>
  </ItemGroup>
  <ItemGroup>
    <ClCompile Include="dllmain.cpp">
      <Filter>Source Files</Filter>
    </ClCompile>
    <ClCompile Include="Client\Client.cpp">
      <Filter>Source Files</Filter>
    </ClCompile>
    <ClCompile Include="Utils\Utils.cpp">
      <Filter>Source Files</Filter>
    </ClCompile>
    <ClCompile Include="Memory\Memory.cpp">
      <Filter>Source Files</Filter>
    </ClCompile>
    <ClCompile Include="Memory\Hooks\KeyMapHook\KeyMapHook.cpp">
      <Filter>Source Files</Filter>
    </ClCompile>
    <ClCompile Include="Memory\Hooks\HookManager.cpp">
      <Filter>Source Files</Filter>
    </ClCompile>
    <ClCompile Include="Memory\Hooks\KeyMouseHook\KeyMouseHook.cpp">
      <Filter>Source Files</Filter>
    </ClCompile>
    <ClCompile Include="ImGui\imgui.cpp">
      <Filter>Source Files</Filter>
    </ClCompile>
    <ClCompile Include="ImGui\imgui_demo.cpp">
      <Filter>Source Files</Filter>
    </ClCompile>
    <ClCompile Include="ImGui\imgui_draw.cpp">
      <Filter>Source Files</Filter>
    </ClCompile>
    <ClCompile Include="ImGui\imgui_impl_dx11.cpp">
      <Filter>Source Files</Filter>
    </ClCompile>
    <ClCompile Include="ImGui\imgui_impl_dx12.cpp">
      <Filter>Source Files</Filter>
    </ClCompile>
    <ClCompile Include="ImGui\imgui_impl_win32.cpp">
      <Filter>Source Files</Filter>
    </ClCompile>
    <ClCompile Include="ImGui\imgui_tables.cpp">
      <Filter>Source Files</Filter>
    </ClCompile>
    <ClCompile Include="ImGui\imgui_widgets.cpp">
      <Filter>Source Files</Filter>
    </ClCompile>
    <ClCompile Include="Kiero\Kiero.cpp">
      <Filter>Source Files</Filter>
    </ClCompile>
    <ClCompile Include="Memory\Hooks\SwapChainHook\SwapChainHook.cpp">
      <Filter>Source Files</Filter>
    </ClCompile>
    <ClCompile Include="Memory\Hooks\RenderContextHook\RenderContextHook.cpp">
      <Filter>Source Files</Filter>
    </ClCompile>
    <ClCompile Include="Memory\GameData\GameData.cpp">
      <Filter>Source Files</Filter>
    </ClCompile>
    <ClCompile Include="Utils\ColorUtils.cpp">
      <Filter>Source Files</Filter>
    </ClCompile>
    <ClCompile Include="Utils\RenderUtils.cpp">
      <Filter>Source Files</Filter>
    </ClCompile>
    <ClCompile Include="Client\ModuleManager\ModuleManager.cpp">
      <Filter>Source Files</Filter>
    </ClCompile>
    <ClCompile Include="Client\ModuleManager\Modules\Module.cpp">
      <Filter>Source Files</Filter>
    </ClCompile>
    <ClCompile Include="Client\ModuleManager\Modules\Client\HUD\HUD.cpp">
      <Filter>Source Files</Filter>
    </ClCompile>
    <ClCompile Include="Client\ModuleManager\Modules\Client\ClickGUI\ClickGui.cpp">
      <Filter>Source Files</Filter>
    </ClCompile>
    <ClCompile Include="Client\ModuleManager\Modules\Client\Colors\Colors.cpp">
      <Filter>Source Files</Filter>
    </ClCompile>
    <ClCompile Include="Client\ModuleManager\Modules\Movement\Sprint\Sprint.cpp">
      <Filter>Source Files</Filter>
    </ClCompile>
    <ClCompile Include="Client\ModuleManager\Modules\Render\FullBright\FullBright.cpp">
      <Filter>Source Files</Filter>
    </ClCompile>
    <ClCompile Include="Client\ModuleManager\Modules\Client\Notifications\Notifications.cpp">
      <Filter>Source Files</Filter>
    </ClCompile>
    <ClCompile Include="Memory\Hooks\DrawImageHook\DrawImageHook.cpp">
      <Filter>Source Files</Filter>
    </ClCompile>
    <ClCompile Include="Memory\Hooks\GetGammaHook\GetGammaHook.cpp">
      <Filter>Source Files</Filter>
    </ClCompile>
    <ClCompile Include="Memory\Hooks\MobSetSprintingHook\MobSetSprintingHook.cpp">
      <Filter>Source Files</Filter>
    </ClCompile>
    <ClCompile Include="Client\ModuleManager\Modules\Render\Swing\Swing.cpp">
      <Filter>Source Files</Filter>
    </ClCompile>
    <ClCompile Include="Memory\Hooks\MobGetCurrentSwingDurationHook\MobGetCurrentSwingDurationHook.cpp">
      <Filter>Source Files</Filter>
    </ClCompile>
    <ClCompile Include="Client\ModuleManager\Modules\Client\Unject\Unject.cpp">
      <Filter>Source Files</Filter>
    </ClCompile>
    <ClCompile Include="Client\ModuleManager\Modules\Client\Arraylist\Arraylist.cpp">
      <Filter>Source Files</Filter>
    </ClCompile>
    <ClCompile Include="ImFX\imfx.cpp">
      <Filter>Source Files</Filter>
    </ClCompile>
    <ClCompile Include="Memory\Hooks\GameModeGetPickRangeHook\GameModeGetPickRangeHook.cpp">
      <Filter>Source Files</Filter>
    </ClCompile>
    <ClCompile Include="Client\ModuleManager\Modules\Player\BlockReach\BlockReach.cpp">
      <Filter>Source Files</Filter>
    </ClCompile>
    <ClCompile Include="Memory\Hooks\MinecraftGameOnAppSuspendedHook\MinecraftGameOnAppSuspendedHook.cpp">
      <Filter>Source Files</Filter>
    </ClCompile>
    <ClCompile Include="Memory\Hooks\GetFovHook\GetFovHook.cpp">
      <Filter>Source Files</Filter>
    </ClCompile>
    <ClCompile Include="Client\ModuleManager\Modules\Render\CustomFov\CustomFov.cpp">
      <Filter>Source Files</Filter>
    </ClCompile>
    <ClCompile Include="Memory\Hooks\LevelRendererPlayerUpdateCameraHook\LevelRendererPlayerUpdateCameraHook.cpp">
      <Filter>Source Files</Filter>
    </ClCompile>
    <ClCompile Include="Client\NotificationManager\NotificationManager.cpp">
      <Filter>Source Files</Filter>
    </ClCompile>
    <ClCompile Include="Client\ModuleManager\Modules\Client\CustomFont\CustomFont.cpp">
      <Filter>Source Files</Filter>
    </ClCompile>
  </ItemGroup>
  <ItemGroup>
    <ClInclude Include="Client\Client.h">
      <Filter>Header Files</Filter>
    </ClInclude>
    <ClInclude Include="Utils\Utils.h">
      <Filter>Header Files</Filter>
    </ClInclude>
    <ClInclude Include="Memory\Memory.h">
      <Filter>Header Files</Filter>
    </ClInclude>
    <ClInclude Include="Memory\Hooks\KeyMapHook\KeyMapHook.h">
      <Filter>Header Files</Filter>
    </ClInclude>
    <ClInclude Include="Memory\Hooks\HookManager.h">
      <Filter>Header Files</Filter>
    </ClInclude>
    <ClInclude Include="Memory\Hooks\KeyMouseHook\KeyMouseHook.h">
      <Filter>Header Files</Filter>
    </ClInclude>
    <ClInclude Include="ImGui\imconfig.h">
      <Filter>Header Files</Filter>
    </ClInclude>
    <ClInclude Include="ImGui\imgui.h">
      <Filter>Header Files</Filter>
    </ClInclude>
    <ClInclude Include="ImGui\imgui_impl_dx11.h">
      <Filter>Header Files</Filter>
    </ClInclude>
    <ClInclude Include="ImGui\imgui_impl_dx12.h">
      <Filter>Header Files</Filter>
    </ClInclude>
    <ClInclude Include="ImGui\imgui_impl_win32.h">
      <Filter>Header Files</Filter>
    </ClInclude>
    <ClInclude Include="ImGui\imgui_internal.h">
      <Filter>Header Files</Filter>
    </ClInclude>
    <ClInclude Include="ImGui\imstb_rectpack.h">
      <Filter>Header Files</Filter>
    </ClInclude>
    <ClInclude Include="ImGui\imstb_textedit.h">
      <Filter>Header Files</Filter>
    </ClInclude>
    <ClInclude Include="ImGui\imstb_truetype.h">
      <Filter>Header Files</Filter>
    </ClInclude>
    <ClInclude Include="Kiero\Kiero.h">
      <Filter>Header Files</Filter>
    </ClInclude>
    <ClInclude Include="Memory\Hooks\SwapChainHook\SwapChainHook.h">
      <Filter>Header Files</Filter>
    </ClInclude>
    <ClInclude Include="Fonts\Arial.h">
      <Filter>Header Files</Filter>
    </ClInclude>
    <ClInclude Include="Utils\Math.h">
      <Filter>Header Files</Filter>
    </ClInclude>
    <ClInclude Include="SDK\MinecraftUIRenderContext.h">
      <Filter>Header Files</Filter>
    </ClInclude>
    <ClInclude Include="SDK\ClientInstance.h">
      <Filter>Header Files</Filter>
    </ClInclude>
    <ClInclude Include="SDK\GuiData.h">
      <Filter>Header Files</Filter>
    </ClInclude>
    <ClInclude Include="Memory\Hooks\RenderContextHook\RenderContextHook.h">
      <Filter>Header Files</Filter>
    </ClInclude>
    <ClInclude Include="Memory\GameData\GameData.h">
      <Filter>Header Files</Filter>
    </ClInclude>
    <ClInclude Include="Utils\ColorUtils.h">
      <Filter>Header Files</Filter>
    </ClInclude>
    <ClInclude Include="Utils\RenderUtils.h">
      <Filter>Header Files</Filter>
    </ClInclude>
    <ClInclude Include="SDK\Actor.h">
      <Filter>Header Files</Filter>
    </ClInclude>
    <ClInclude Include="SDK\Mob.h">
      <Filter>Header Files</Filter>
    </ClInclude>
    <ClInclude Include="SDK\Player.h">
      <Filter>Header Files</Filter>
    </ClInclude>
    <ClInclude Include="Client\ModuleManager\ModuleManager.h">
      <Filter>Header Files</Filter>
    </ClInclude>
    <ClInclude Include="Client\ModuleManager\Modules\Module.h">
      <Filter>Header Files</Filter>
    </ClInclude>
    <ClInclude Include="Client\ModuleManager\Modules\Client\HUD\HUD.h">
      <Filter>Header Files</Filter>
    </ClInclude>
    <ClInclude Include="Client\ModuleManager\Modules\Client\ClickGUI\ClickGui.h">
      <Filter>Header Files</Filter>
    </ClInclude>
    <ClInclude Include="Client\ModuleManager\Modules\Client\Colors\Colors.h">
      <Filter>Header Files</Filter>
    </ClInclude>
    <ClInclude Include="Client\ModuleManager\Modules\Movement\Sprint\Sprint.h">
      <Filter>Header Files</Filter>
    </ClInclude>
    <ClInclude Include="Client\ModuleManager\Modules\Render\FullBright\FullBright.h">
      <Filter>Header Files</Filter>
    </ClInclude>
    <ClInclude Include="Client\ModuleManager\Modules\Client\Notifications\Notifications.h">
      <Filter>Header Files</Filter>
    </ClInclude>
    <ClInclude Include="SDK\TexturePtr.h">
      <Filter>Header Files</Filter>
    </ClInclude>
    <ClInclude Include="Memory\Hooks\DrawImageHook\DrawImageHook.h">
      <Filter>Header Files</Filter>
    </ClInclude>
    <ClInclude Include="SDK\FilePath.h">
      <Filter>Header Files</Filter>
    </ClInclude>
    <ClInclude Include="Memory\Hooks\GetGammaHook\GetGammaHook.h">
      <Filter>Header Files</Filter>
    </ClInclude>
    <ClInclude Include="Memory\Hooks\MobSetSprintingHook\MobSetSprintingHook.h">
      <Filter>Header Files</Filter>
    </ClInclude>
    <ClInclude Include="Client\ModuleManager\Modules\Render\Swing\Swing.h">
      <Filter>Header Files</Filter>
    </ClInclude>
    <ClInclude Include="Memory\Hooks\MobGetCurrentSwingDurationHook\MobGetCurrentSwingDurationHook.h">
      <Filter>Header Files</Filter>
    </ClInclude>
    <ClInclude Include="Client\ModuleManager\Modules\Client\Unject\Unject.h">
      <Filter>Header Files</Filter>
    </ClInclude>
    <ClInclude Include="Client\ModuleManager\Modules\Client\Arraylist\Arraylist.h">
      <Filter>Header Files</Filter>
    </ClInclude>
    <ClInclude Include="ImFX\imfx.h">
      <Filter>Header Files</Filter>
    </ClInclude>
    <ClInclude Include="SDK\GameMode.h">
      <Filter>Header Files</Filter>
    </ClInclude>
    <ClInclude Include="Memory\Hooks\GameModeGetPickRangeHook\GameModeGetPickRangeHook.h">
      <Filter>Header Files</Filter>
    </ClInclude>
    <ClInclude Include="Client\ModuleManager\Modules\Player\BlockReach\BlockReach.h">
      <Filter>Header Files</Filter>
    </ClInclude>
    <ClInclude Include="SDK\EntityContext.h">
      <Filter>Header Files</Filter>
    </ClInclude>
    <ClInclude Include="SDK\Components\RenderPositionComponent.h">
      <Filter>Header Files</Filter>
    </ClInclude>
    <ClInclude Include="SDK\Level.h">
      <Filter>Header Files</Filter>
    </ClInclude>
    <ClInclude Include="Memory\Hooks\MinecraftGameOnAppSuspendedHook\MinecraftGameOnAppSuspendedHook.h">
      <Filter>Header Files</Filter>
    </ClInclude>
    <ClInclude Include="SDK\LevelRenderer.h">
      <Filter>Header Files</Filter>
    </ClInclude>
    <ClInclude Include="SDK\LevelRendererPlayer.h">
      <Filter>Header Files</Filter>
    </ClInclude>
    <ClInclude Include="Memory\Hooks\GetFovHook\GetFovHook.h">
      <Filter>Header Files</Filter>
    </ClInclude>
    <ClInclude Include="Client\ModuleManager\Modules\Render\CustomFov\CustomFov.h">
      <Filter>Header Files</Filter>
    </ClInclude>
    <ClInclude Include="Memory\Hooks\LevelRendererPlayerUpdateCameraHook\LevelRendererPlayerUpdateCameraHook.h">
      <Filter>Header Files</Filter>
    </ClInclude>
    <ClInclude Include="Client\NotificationManager\NotificationManager.h">
      <Filter>Header Files</Filter>
    </ClInclude>
    <ClInclude Include="Fonts\Mojangles.h">
      <Filter>Header Files</Filter>
    </ClInclude>
    <ClInclude Include="Client\ModuleManager\Modules\Client\CustomFont\CustomFont.h">
      <Filter>Header Files</Filter>
    </ClInclude>
  </ItemGroup>
  <ItemGroup>
    <None Include="packages.config" />
  </ItemGroup>
</Project>